// !$*UTF8*$!
{
	archiveVersion = 1;
	classes = {
	};
	objectVersion = 56;
	objects = {

/* Begin PBXBuildFile section */
		5225294D29114E3500107D04 /* WebSocketRequest.swift in Sources */ = {isa = PBXBuildFile; fileRef = 5225294C29114E3400107D04 /* WebSocketRequest.swift */; };
		526FD0B028F49921002DD425 /* AppDelegate.swift in Sources */ = {isa = PBXBuildFile; fileRef = 526FD0AF28F49921002DD425 /* AppDelegate.swift */; };
		526FD0B228F49921002DD425 /* ContentView.swift in Sources */ = {isa = PBXBuildFile; fileRef = 526FD0B128F49921002DD425 /* ContentView.swift */; };
		526FD0B428F49921002DD425 /* Experience.rcproject in Sources */ = {isa = PBXBuildFile; fileRef = 526FD0B328F49921002DD425 /* Experience.rcproject */; };
		526FD0B628F49922002DD425 /* Assets.xcassets in Resources */ = {isa = PBXBuildFile; fileRef = 526FD0B528F49922002DD425 /* Assets.xcassets */; };
		526FD0B928F49922002DD425 /* Preview Assets.xcassets in Resources */ = {isa = PBXBuildFile; fileRef = 526FD0B828F49922002DD425 /* Preview Assets.xcassets */; };
		526FD0C328F49922002DD425 /* ARAppointmentTests.swift in Sources */ = {isa = PBXBuildFile; fileRef = 526FD0C228F49922002DD425 /* ARAppointmentTests.swift */; };
		526FD0CD28F49922002DD425 /* ARAppointmentUITests.swift in Sources */ = {isa = PBXBuildFile; fileRef = 526FD0CC28F49922002DD425 /* ARAppointmentUITests.swift */; };
		526FD0CF28F49922002DD425 /* ARAppointmentUITestsLaunchTests.swift in Sources */ = {isa = PBXBuildFile; fileRef = 526FD0CE28F49922002DD425 /* ARAppointmentUITestsLaunchTests.swift */; };
		526FD0E028F49D10002DD425 /* ARViewController.swift in Sources */ = {isa = PBXBuildFile; fileRef = 526FD0DF28F49D10002DD425 /* ARViewController.swift */; };
		52C5007828FEF35F004C6235 /* nendan.usdz in Resources */ = {isa = PBXBuildFile; fileRef = 52C5007728FEF35F004C6235 /* nendan.usdz */; };
		52CFC3652913E441000E8F10 /* WebSocketProtocol.swift in Sources */ = {isa = PBXBuildFile; fileRef = 52CFC3642913E441000E8F10 /* WebSocketProtocol.swift */; };
		65886C7A68FAC407D0EC802F /* Pods_ARAppointment_ARAppointmentUITests.framework in Frameworks */ = {isa = PBXBuildFile; fileRef = 4ABDCF6FC57AE58DFDAE8485 /* Pods_ARAppointment_ARAppointmentUITests.framework */; };
		E47497749563AC9A4E440755 /* Pods_ARAppointment.framework in Frameworks */ = {isa = PBXBuildFile; fileRef = 8C26B332E722F165E46C02BC /* Pods_ARAppointment.framework */; };
		F5FB7309CB3BE2576FA9F7DF /* Pods_ARAppointmentTests.framework in Frameworks */ = {isa = PBXBuildFile; fileRef = ADAE884F08A0165B16CDB6A0 /* Pods_ARAppointmentTests.framework */; };
/* End PBXBuildFile section */

/* Begin PBXContainerItemProxy section */
		526FD0BF28F49922002DD425 /* PBXContainerItemProxy */ = {
			isa = PBXContainerItemProxy;
			containerPortal = 526FD0A428F49921002DD425 /* Project object */;
			proxyType = 1;
			remoteGlobalIDString = 526FD0AB28F49921002DD425;
			remoteInfo = ARAppointment;
		};
		526FD0C928F49922002DD425 /* PBXContainerItemProxy */ = {
			isa = PBXContainerItemProxy;
			containerPortal = 526FD0A428F49921002DD425 /* Project object */;
			proxyType = 1;
			remoteGlobalIDString = 526FD0AB28F49921002DD425;
			remoteInfo = ARAppointment;
		};
/* End PBXContainerItemProxy section */

/* Begin PBXFileReference section */
		4ABDCF6FC57AE58DFDAE8485 /* Pods_ARAppointment_ARAppointmentUITests.framework */ = {isa = PBXFileReference; explicitFileType = wrapper.framework; includeInIndex = 0; path = Pods_ARAppointment_ARAppointmentUITests.framework; sourceTree = BUILT_PRODUCTS_DIR; };
		4EE6CEF8C2105F8ACE507491 /* Pods-ARAppointmentTests.debug.xcconfig */ = {isa = PBXFileReference; includeInIndex = 1; lastKnownFileType = text.xcconfig; name = "Pods-ARAppointmentTests.debug.xcconfig"; path = "Target Support Files/Pods-ARAppointmentTests/Pods-ARAppointmentTests.debug.xcconfig"; sourceTree = "<group>"; };
		5225294C29114E3400107D04 /* WebSocketRequest.swift */ = {isa = PBXFileReference; lastKnownFileType = sourcecode.swift; path = WebSocketRequest.swift; sourceTree = "<group>"; };
		526FD0AC28F49921002DD425 /* ARAppointment.app */ = {isa = PBXFileReference; explicitFileType = wrapper.application; includeInIndex = 0; path = ARAppointment.app; sourceTree = BUILT_PRODUCTS_DIR; };
		526FD0AF28F49921002DD425 /* AppDelegate.swift */ = {isa = PBXFileReference; lastKnownFileType = sourcecode.swift; path = AppDelegate.swift; sourceTree = "<group>"; };
		526FD0B128F49921002DD425 /* ContentView.swift */ = {isa = PBXFileReference; lastKnownFileType = sourcecode.swift; path = ContentView.swift; sourceTree = "<group>"; };
		526FD0B328F49921002DD425 /* Experience.rcproject */ = {isa = PBXFileReference; lastKnownFileType = file.rcproject; path = Experience.rcproject; sourceTree = "<group>"; };
		526FD0B528F49922002DD425 /* Assets.xcassets */ = {isa = PBXFileReference; lastKnownFileType = folder.assetcatalog; path = Assets.xcassets; sourceTree = "<group>"; };
		526FD0B828F49922002DD425 /* Preview Assets.xcassets */ = {isa = PBXFileReference; lastKnownFileType = folder.assetcatalog; path = "Preview Assets.xcassets"; sourceTree = "<group>"; };
		526FD0BE28F49922002DD425 /* ARAppointmentTests.xctest */ = {isa = PBXFileReference; explicitFileType = wrapper.cfbundle; includeInIndex = 0; path = ARAppointmentTests.xctest; sourceTree = BUILT_PRODUCTS_DIR; };
		526FD0C228F49922002DD425 /* ARAppointmentTests.swift */ = {isa = PBXFileReference; lastKnownFileType = sourcecode.swift; path = ARAppointmentTests.swift; sourceTree = "<group>"; };
		526FD0C828F49922002DD425 /* ARAppointmentUITests.xctest */ = {isa = PBXFileReference; explicitFileType = wrapper.cfbundle; includeInIndex = 0; path = ARAppointmentUITests.xctest; sourceTree = BUILT_PRODUCTS_DIR; };
		526FD0CC28F49922002DD425 /* ARAppointmentUITests.swift */ = {isa = PBXFileReference; lastKnownFileType = sourcecode.swift; path = ARAppointmentUITests.swift; sourceTree = "<group>"; };
		526FD0CE28F49922002DD425 /* ARAppointmentUITestsLaunchTests.swift */ = {isa = PBXFileReference; lastKnownFileType = sourcecode.swift; path = ARAppointmentUITestsLaunchTests.swift; sourceTree = "<group>"; };
		526FD0DF28F49D10002DD425 /* ARViewController.swift */ = {isa = PBXFileReference; lastKnownFileType = sourcecode.swift; path = ARViewController.swift; sourceTree = "<group>"; };
		52C5007728FEF35F004C6235 /* nendan.usdz */ = {isa = PBXFileReference; lastKnownFileType = file.usdz; path = nendan.usdz; sourceTree = "<group>"; };
		52CFC3642913E441000E8F10 /* WebSocketProtocol.swift */ = {isa = PBXFileReference; lastKnownFileType = sourcecode.swift; path = WebSocketProtocol.swift; sourceTree = "<group>"; };
		85DAB918089F6681275F6A9E /* Pods-ARAppointmentTests.release.xcconfig */ = {isa = PBXFileReference; includeInIndex = 1; lastKnownFileType = text.xcconfig; name = "Pods-ARAppointmentTests.release.xcconfig"; path = "Target Support Files/Pods-ARAppointmentTests/Pods-ARAppointmentTests.release.xcconfig"; sourceTree = "<group>"; };
		8C26B332E722F165E46C02BC /* Pods_ARAppointment.framework */ = {isa = PBXFileReference; explicitFileType = wrapper.framework; includeInIndex = 0; path = Pods_ARAppointment.framework; sourceTree = BUILT_PRODUCTS_DIR; };
		A4992179F4436A0DD2DE9C2A /* Pods-ARAppointment-ARAppointmentUITests.debug.xcconfig */ = {isa = PBXFileReference; includeInIndex = 1; lastKnownFileType = text.xcconfig; name = "Pods-ARAppointment-ARAppointmentUITests.debug.xcconfig"; path = "Target Support Files/Pods-ARAppointment-ARAppointmentUITests/Pods-ARAppointment-ARAppointmentUITests.debug.xcconfig"; sourceTree = "<group>"; };
		ADAE884F08A0165B16CDB6A0 /* Pods_ARAppointmentTests.framework */ = {isa = PBXFileReference; explicitFileType = wrapper.framework; includeInIndex = 0; path = Pods_ARAppointmentTests.framework; sourceTree = BUILT_PRODUCTS_DIR; };
		C981B6215D3CF0052A91101F /* Pods-ARAppointment.debug.xcconfig */ = {isa = PBXFileReference; includeInIndex = 1; lastKnownFileType = text.xcconfig; name = "Pods-ARAppointment.debug.xcconfig"; path = "Target Support Files/Pods-ARAppointment/Pods-ARAppointment.debug.xcconfig"; sourceTree = "<group>"; };
		E764CE06D42F305E96C60045 /* Pods-ARAppointment-ARAppointmentUITests.release.xcconfig */ = {isa = PBXFileReference; includeInIndex = 1; lastKnownFileType = text.xcconfig; name = "Pods-ARAppointment-ARAppointmentUITests.release.xcconfig"; path = "Target Support Files/Pods-ARAppointment-ARAppointmentUITests/Pods-ARAppointment-ARAppointmentUITests.release.xcconfig"; sourceTree = "<group>"; };
		EB6C025932BB18CF9BFA8D4B /* Pods-ARAppointment.release.xcconfig */ = {isa = PBXFileReference; includeInIndex = 1; lastKnownFileType = text.xcconfig; name = "Pods-ARAppointment.release.xcconfig"; path = "Target Support Files/Pods-ARAppointment/Pods-ARAppointment.release.xcconfig"; sourceTree = "<group>"; };
/* End PBXFileReference section */

/* Begin PBXFrameworksBuildPhase section */
		526FD0A928F49921002DD425 /* Frameworks */ = {
			isa = PBXFrameworksBuildPhase;
			buildActionMask = 2147483647;
			files = (
				E47497749563AC9A4E440755 /* Pods_ARAppointment.framework in Frameworks */,
			);
			runOnlyForDeploymentPostprocessing = 0;
		};
		526FD0BB28F49922002DD425 /* Frameworks */ = {
			isa = PBXFrameworksBuildPhase;
			buildActionMask = 2147483647;
			files = (
				F5FB7309CB3BE2576FA9F7DF /* Pods_ARAppointmentTests.framework in Frameworks */,
			);
			runOnlyForDeploymentPostprocessing = 0;
		};
		526FD0C528F49922002DD425 /* Frameworks */ = {
			isa = PBXFrameworksBuildPhase;
			buildActionMask = 2147483647;
			files = (
				65886C7A68FAC407D0EC802F /* Pods_ARAppointment_ARAppointmentUITests.framework in Frameworks */,
			);
			runOnlyForDeploymentPostprocessing = 0;
		};
/* End PBXFrameworksBuildPhase section */

/* Begin PBXGroup section */
		52252946290ED07200107D04 /* Views */ = {
			isa = PBXGroup;
			children = (
				526FD0DE28F49CFD002DD425 /* UIKitViews */,
				526FD0B128F49921002DD425 /* ContentView.swift */,
			);
			path = Views;
			sourceTree = "<group>";
		};
		52252947290ED0A100107D04 /* ViewModels */ = {
			isa = PBXGroup;
			children = (
			);
			path = ViewModels;
			sourceTree = "<group>";
		};
		52252948290ED0AE00107D04 /* Models */ = {
			isa = PBXGroup;
			children = (
				5225294A29107B5900107D04 /* Entities */,
				5225294B29107B9500107D04 /* Protocols */,
				5225294929107B4D00107D04 /* Requests */,
			);
			path = Models;
			sourceTree = "<group>";
		};
		5225294929107B4D00107D04 /* Requests */ = {
			isa = PBXGroup;
			children = (
				5225294C29114E3400107D04 /* WebSocketRequest.swift */,
			);
			path = Requests;
			sourceTree = "<group>";
		};
		5225294A29107B5900107D04 /* Entities */ = {
			isa = PBXGroup;
			children = (
			);
			path = Entities;
			sourceTree = "<group>";
		};
		5225294B29107B9500107D04 /* Protocols */ = {
			isa = PBXGroup;
			children = (
				52CFC3642913E441000E8F10 /* WebSocketProtocol.swift */,
			);
			path = Protocols;
			sourceTree = "<group>";
		};
		526FD0A328F49921002DD425 = {
			isa = PBXGroup;
			children = (
				526FD0AE28F49921002DD425 /* ARAppointment */,
				526FD0C128F49922002DD425 /* ARAppointmentTests */,
				526FD0CB28F49922002DD425 /* ARAppointmentUITests */,
				526FD0AD28F49921002DD425 /* Products */,
				A0464B990C40CC53E885BE6F /* Pods */,
				F17D194FFE8E455D759BEB05 /* Frameworks */,
			);
			sourceTree = "<group>";
		};
		526FD0AD28F49921002DD425 /* Products */ = {
			isa = PBXGroup;
			children = (
				526FD0AC28F49921002DD425 /* ARAppointment.app */,
				526FD0BE28F49922002DD425 /* ARAppointmentTests.xctest */,
				526FD0C828F49922002DD425 /* ARAppointmentUITests.xctest */,
			);
			name = Products;
			sourceTree = "<group>";
		};
		526FD0AE28F49921002DD425 /* ARAppointment */ = {
			isa = PBXGroup;
			children = (
				52252948290ED0AE00107D04 /* Models */,
				52252947290ED0A100107D04 /* ViewModels */,
				52252946290ED07200107D04 /* Views */,
				52C5007728FEF35F004C6235 /* nendan.usdz */,
				526FD0AF28F49921002DD425 /* AppDelegate.swift */,
				526FD0B328F49921002DD425 /* Experience.rcproject */,
				526FD0B528F49922002DD425 /* Assets.xcassets */,
				526FD0B728F49922002DD425 /* Preview Content */,
			);
			path = ARAppointment;
			sourceTree = "<group>";
		};
		526FD0B728F49922002DD425 /* Preview Content */ = {
			isa = PBXGroup;
			children = (
				526FD0B828F49922002DD425 /* Preview Assets.xcassets */,
			);
			path = "Preview Content";
			sourceTree = "<group>";
		};
		526FD0C128F49922002DD425 /* ARAppointmentTests */ = {
			isa = PBXGroup;
			children = (
				526FD0C228F49922002DD425 /* ARAppointmentTests.swift */,
			);
			path = ARAppointmentTests;
			sourceTree = "<group>";
		};
		526FD0CB28F49922002DD425 /* ARAppointmentUITests */ = {
			isa = PBXGroup;
			children = (
				526FD0CC28F49922002DD425 /* ARAppointmentUITests.swift */,
				526FD0CE28F49922002DD425 /* ARAppointmentUITestsLaunchTests.swift */,
			);
			path = ARAppointmentUITests;
			sourceTree = "<group>";
		};
		526FD0DE28F49CFD002DD425 /* UIKitViews */ = {
			isa = PBXGroup;
			children = (
				526FD0DF28F49D10002DD425 /* ARViewController.swift */,
			);
			path = UIKitViews;
			sourceTree = "<group>";
		};
		A0464B990C40CC53E885BE6F /* Pods */ = {
			isa = PBXGroup;
			children = (
				C981B6215D3CF0052A91101F /* Pods-ARAppointment.debug.xcconfig */,
				EB6C025932BB18CF9BFA8D4B /* Pods-ARAppointment.release.xcconfig */,
				A4992179F4436A0DD2DE9C2A /* Pods-ARAppointment-ARAppointmentUITests.debug.xcconfig */,
				E764CE06D42F305E96C60045 /* Pods-ARAppointment-ARAppointmentUITests.release.xcconfig */,
				4EE6CEF8C2105F8ACE507491 /* Pods-ARAppointmentTests.debug.xcconfig */,
				85DAB918089F6681275F6A9E /* Pods-ARAppointmentTests.release.xcconfig */,
			);
			path = Pods;
			sourceTree = "<group>";
		};
		F17D194FFE8E455D759BEB05 /* Frameworks */ = {
			isa = PBXGroup;
			children = (
				8C26B332E722F165E46C02BC /* Pods_ARAppointment.framework */,
				4ABDCF6FC57AE58DFDAE8485 /* Pods_ARAppointment_ARAppointmentUITests.framework */,
				ADAE884F08A0165B16CDB6A0 /* Pods_ARAppointmentTests.framework */,
			);
			name = Frameworks;
			sourceTree = "<group>";
		};
/* End PBXGroup section */

/* Begin PBXNativeTarget section */
		526FD0AB28F49921002DD425 /* ARAppointment */ = {
			isa = PBXNativeTarget;
			buildConfigurationList = 526FD0D228F49922002DD425 /* Build configuration list for PBXNativeTarget "ARAppointment" */;
			buildPhases = (
				269000885C1D7A7B80508969 /* [CP] Check Pods Manifest.lock */,
				526FD0A828F49921002DD425 /* Sources */,
				526FD0A928F49921002DD425 /* Frameworks */,
				526FD0AA28F49921002DD425 /* Resources */,
				C3058B48D44FE6AA619786B4 /* [CP] Embed Pods Frameworks */,
				E0990DC1F41BB17ED9F43680 /* [CP] Copy Pods Resources */,
			);
			buildRules = (
			);
			dependencies = (
			);
			name = ARAppointment;
			productName = ARAppointment;
			productReference = 526FD0AC28F49921002DD425 /* ARAppointment.app */;
			productType = "com.apple.product-type.application";
		};
		526FD0BD28F49922002DD425 /* ARAppointmentTests */ = {
			isa = PBXNativeTarget;
			buildConfigurationList = 526FD0D528F49922002DD425 /* Build configuration list for PBXNativeTarget "ARAppointmentTests" */;
			buildPhases = (
				DBA38266D576FBF45CDD5E11 /* [CP] Check Pods Manifest.lock */,
				526FD0BA28F49922002DD425 /* Sources */,
				526FD0BB28F49922002DD425 /* Frameworks */,
				526FD0BC28F49922002DD425 /* Resources */,
			);
			buildRules = (
			);
			dependencies = (
				526FD0C028F49922002DD425 /* PBXTargetDependency */,
			);
			name = ARAppointmentTests;
			productName = ARAppointmentTests;
			productReference = 526FD0BE28F49922002DD425 /* ARAppointmentTests.xctest */;
			productType = "com.apple.product-type.bundle.unit-test";
		};
		526FD0C728F49922002DD425 /* ARAppointmentUITests */ = {
			isa = PBXNativeTarget;
			buildConfigurationList = 526FD0D828F49922002DD425 /* Build configuration list for PBXNativeTarget "ARAppointmentUITests" */;
			buildPhases = (
				1F5DE4959D1211CD64222A4C /* [CP] Check Pods Manifest.lock */,
				526FD0C428F49922002DD425 /* Sources */,
				526FD0C528F49922002DD425 /* Frameworks */,
				526FD0C628F49922002DD425 /* Resources */,
				6FF25EB61C2C340AEE211B02 /* [CP] Embed Pods Frameworks */,
				49DDC914A61181102B22EC29 /* [CP] Copy Pods Resources */,
			);
			buildRules = (
			);
			dependencies = (
				526FD0CA28F49922002DD425 /* PBXTargetDependency */,
			);
			name = ARAppointmentUITests;
			productName = ARAppointmentUITests;
			productReference = 526FD0C828F49922002DD425 /* ARAppointmentUITests.xctest */;
			productType = "com.apple.product-type.bundle.ui-testing";
		};
/* End PBXNativeTarget section */

/* Begin PBXProject section */
		526FD0A428F49921002DD425 /* Project object */ = {
			isa = PBXProject;
			attributes = {
				BuildIndependentTargetsInParallel = 1;
				LastSwiftUpdateCheck = 1400;
				LastUpgradeCheck = 1400;
				TargetAttributes = {
					526FD0AB28F49921002DD425 = {
						CreatedOnToolsVersion = 14.0.1;
					};
					526FD0BD28F49922002DD425 = {
						CreatedOnToolsVersion = 14.0.1;
						TestTargetID = 526FD0AB28F49921002DD425;
					};
					526FD0C728F49922002DD425 = {
						CreatedOnToolsVersion = 14.0.1;
						TestTargetID = 526FD0AB28F49921002DD425;
					};
				};
			};
			buildConfigurationList = 526FD0A728F49921002DD425 /* Build configuration list for PBXProject "ARAppointment" */;
			compatibilityVersion = "Xcode 14.0";
			developmentRegion = en;
			hasScannedForEncodings = 0;
			knownRegions = (
				en,
				Base,
			);
			mainGroup = 526FD0A328F49921002DD425;
			productRefGroup = 526FD0AD28F49921002DD425 /* Products */;
			projectDirPath = "";
			projectRoot = "";
			targets = (
				526FD0AB28F49921002DD425 /* ARAppointment */,
				526FD0BD28F49922002DD425 /* ARAppointmentTests */,
				526FD0C728F49922002DD425 /* ARAppointmentUITests */,
			);
		};
/* End PBXProject section */

/* Begin PBXResourcesBuildPhase section */
		526FD0AA28F49921002DD425 /* Resources */ = {
			isa = PBXResourcesBuildPhase;
			buildActionMask = 2147483647;
			files = (
				52C5007828FEF35F004C6235 /* nendan.usdz in Resources */,
				526FD0B928F49922002DD425 /* Preview Assets.xcassets in Resources */,
				526FD0B628F49922002DD425 /* Assets.xcassets in Resources */,
			);
			runOnlyForDeploymentPostprocessing = 0;
		};
		526FD0BC28F49922002DD425 /* Resources */ = {
			isa = PBXResourcesBuildPhase;
			buildActionMask = 2147483647;
			files = (
			);
			runOnlyForDeploymentPostprocessing = 0;
		};
		526FD0C628F49922002DD425 /* Resources */ = {
			isa = PBXResourcesBuildPhase;
			buildActionMask = 2147483647;
			files = (
			);
			runOnlyForDeploymentPostprocessing = 0;
		};
/* End PBXResourcesBuildPhase section */

/* Begin PBXShellScriptBuildPhase section */
		1F5DE4959D1211CD64222A4C /* [CP] Check Pods Manifest.lock */ = {
			isa = PBXShellScriptBuildPhase;
			buildActionMask = 2147483647;
			files = (
			);
			inputFileListPaths = (
			);
			inputPaths = (
				"${PODS_PODFILE_DIR_PATH}/Podfile.lock",
				"${PODS_ROOT}/Manifest.lock",
			);
			name = "[CP] Check Pods Manifest.lock";
			outputFileListPaths = (
			);
			outputPaths = (
				"$(DERIVED_FILE_DIR)/Pods-ARAppointment-ARAppointmentUITests-checkManifestLockResult.txt",
			);
			runOnlyForDeploymentPostprocessing = 0;
			shellPath = /bin/sh;
			shellScript = "diff \"${PODS_PODFILE_DIR_PATH}/Podfile.lock\" \"${PODS_ROOT}/Manifest.lock\" > /dev/null\nif [ $? != 0 ] ; then\n    # print error to STDERR\n    echo \"error: The sandbox is not in sync with the Podfile.lock. Run 'pod install' or update your CocoaPods installation.\" >&2\n    exit 1\nfi\n# This output is used by Xcode 'outputs' to avoid re-running this script phase.\necho \"SUCCESS\" > \"${SCRIPT_OUTPUT_FILE_0}\"\n";
			showEnvVarsInLog = 0;
		};
		269000885C1D7A7B80508969 /* [CP] Check Pods Manifest.lock */ = {
			isa = PBXShellScriptBuildPhase;
			buildActionMask = 2147483647;
			files = (
			);
			inputFileListPaths = (
			);
			inputPaths = (
				"${PODS_PODFILE_DIR_PATH}/Podfile.lock",
				"${PODS_ROOT}/Manifest.lock",
			);
			name = "[CP] Check Pods Manifest.lock";
			outputFileListPaths = (
			);
			outputPaths = (
				"$(DERIVED_FILE_DIR)/Pods-ARAppointment-checkManifestLockResult.txt",
			);
			runOnlyForDeploymentPostprocessing = 0;
			shellPath = /bin/sh;
			shellScript = "diff \"${PODS_PODFILE_DIR_PATH}/Podfile.lock\" \"${PODS_ROOT}/Manifest.lock\" > /dev/null\nif [ $? != 0 ] ; then\n    # print error to STDERR\n    echo \"error: The sandbox is not in sync with the Podfile.lock. Run 'pod install' or update your CocoaPods installation.\" >&2\n    exit 1\nfi\n# This output is used by Xcode 'outputs' to avoid re-running this script phase.\necho \"SUCCESS\" > \"${SCRIPT_OUTPUT_FILE_0}\"\n";
			showEnvVarsInLog = 0;
		};
		49DDC914A61181102B22EC29 /* [CP] Copy Pods Resources */ = {
			isa = PBXShellScriptBuildPhase;
			buildActionMask = 2147483647;
			files = (
			);
			inputFileListPaths = (
				"${PODS_ROOT}/Target Support Files/Pods-ARAppointment-ARAppointmentUITests/Pods-ARAppointment-ARAppointmentUITests-resources-${CONFIGURATION}-input-files.xcfilelist",
			);
			name = "[CP] Copy Pods Resources";
			outputFileListPaths = (
				"${PODS_ROOT}/Target Support Files/Pods-ARAppointment-ARAppointmentUITests/Pods-ARAppointment-ARAppointmentUITests-resources-${CONFIGURATION}-output-files.xcfilelist",
			);
			runOnlyForDeploymentPostprocessing = 0;
			shellPath = /bin/sh;
			shellScript = "\"${PODS_ROOT}/Target Support Files/Pods-ARAppointment-ARAppointmentUITests/Pods-ARAppointment-ARAppointmentUITests-resources.sh\"\n";
			showEnvVarsInLog = 0;
		};
		6FF25EB61C2C340AEE211B02 /* [CP] Embed Pods Frameworks */ = {
			isa = PBXShellScriptBuildPhase;
			buildActionMask = 2147483647;
			files = (
			);
			inputFileListPaths = (
				"${PODS_ROOT}/Target Support Files/Pods-ARAppointment-ARAppointmentUITests/Pods-ARAppointment-ARAppointmentUITests-frameworks-${CONFIGURATION}-input-files.xcfilelist",
			);
			name = "[CP] Embed Pods Frameworks";
			outputFileListPaths = (
				"${PODS_ROOT}/Target Support Files/Pods-ARAppointment-ARAppointmentUITests/Pods-ARAppointment-ARAppointmentUITests-frameworks-${CONFIGURATION}-output-files.xcfilelist",
			);
			runOnlyForDeploymentPostprocessing = 0;
			shellPath = /bin/sh;
			shellScript = "\"${PODS_ROOT}/Target Support Files/Pods-ARAppointment-ARAppointmentUITests/Pods-ARAppointment-ARAppointmentUITests-frameworks.sh\"\n";
			showEnvVarsInLog = 0;
		};
		C3058B48D44FE6AA619786B4 /* [CP] Embed Pods Frameworks */ = {
			isa = PBXShellScriptBuildPhase;
			buildActionMask = 2147483647;
			files = (
			);
			inputFileListPaths = (
				"${PODS_ROOT}/Target Support Files/Pods-ARAppointment/Pods-ARAppointment-frameworks-${CONFIGURATION}-input-files.xcfilelist",
			);
			name = "[CP] Embed Pods Frameworks";
			outputFileListPaths = (
				"${PODS_ROOT}/Target Support Files/Pods-ARAppointment/Pods-ARAppointment-frameworks-${CONFIGURATION}-output-files.xcfilelist",
			);
			runOnlyForDeploymentPostprocessing = 0;
			shellPath = /bin/sh;
			shellScript = "\"${PODS_ROOT}/Target Support Files/Pods-ARAppointment/Pods-ARAppointment-frameworks.sh\"\n";
			showEnvVarsInLog = 0;
		};
		DBA38266D576FBF45CDD5E11 /* [CP] Check Pods Manifest.lock */ = {
			isa = PBXShellScriptBuildPhase;
			buildActionMask = 2147483647;
			files = (
			);
			inputFileListPaths = (
			);
			inputPaths = (
				"${PODS_PODFILE_DIR_PATH}/Podfile.lock",
				"${PODS_ROOT}/Manifest.lock",
			);
			name = "[CP] Check Pods Manifest.lock";
			outputFileListPaths = (
			);
			outputPaths = (
				"$(DERIVED_FILE_DIR)/Pods-ARAppointmentTests-checkManifestLockResult.txt",
			);
			runOnlyForDeploymentPostprocessing = 0;
			shellPath = /bin/sh;
			shellScript = "diff \"${PODS_PODFILE_DIR_PATH}/Podfile.lock\" \"${PODS_ROOT}/Manifest.lock\" > /dev/null\nif [ $? != 0 ] ; then\n    # print error to STDERR\n    echo \"error: The sandbox is not in sync with the Podfile.lock. Run 'pod install' or update your CocoaPods installation.\" >&2\n    exit 1\nfi\n# This output is used by Xcode 'outputs' to avoid re-running this script phase.\necho \"SUCCESS\" > \"${SCRIPT_OUTPUT_FILE_0}\"\n";
			showEnvVarsInLog = 0;
		};
		E0990DC1F41BB17ED9F43680 /* [CP] Copy Pods Resources */ = {
			isa = PBXShellScriptBuildPhase;
			buildActionMask = 2147483647;
			files = (
			);
			inputFileListPaths = (
				"${PODS_ROOT}/Target Support Files/Pods-ARAppointment/Pods-ARAppointment-resources-${CONFIGURATION}-input-files.xcfilelist",
			);
			name = "[CP] Copy Pods Resources";
			outputFileListPaths = (
				"${PODS_ROOT}/Target Support Files/Pods-ARAppointment/Pods-ARAppointment-resources-${CONFIGURATION}-output-files.xcfilelist",
			);
			runOnlyForDeploymentPostprocessing = 0;
			shellPath = /bin/sh;
			shellScript = "\"${PODS_ROOT}/Target Support Files/Pods-ARAppointment/Pods-ARAppointment-resources.sh\"\n";
			showEnvVarsInLog = 0;
		};
/* End PBXShellScriptBuildPhase section */

/* Begin PBXSourcesBuildPhase section */
		526FD0A828F49921002DD425 /* Sources */ = {
			isa = PBXSourcesBuildPhase;
			buildActionMask = 2147483647;
			files = (
				5225294D29114E3500107D04 /* WebSocketRequest.swift in Sources */,
				526FD0B228F49921002DD425 /* ContentView.swift in Sources */,
				526FD0B028F49921002DD425 /* AppDelegate.swift in Sources */,
				52CFC3652913E441000E8F10 /* WebSocketProtocol.swift in Sources */,
				526FD0B428F49921002DD425 /* Experience.rcproject in Sources */,
				526FD0E028F49D10002DD425 /* ARViewController.swift in Sources */,
			);
			runOnlyForDeploymentPostprocessing = 0;
		};
		526FD0BA28F49922002DD425 /* Sources */ = {
			isa = PBXSourcesBuildPhase;
			buildActionMask = 2147483647;
			files = (
				526FD0C328F49922002DD425 /* ARAppointmentTests.swift in Sources */,
			);
			runOnlyForDeploymentPostprocessing = 0;
		};
		526FD0C428F49922002DD425 /* Sources */ = {
			isa = PBXSourcesBuildPhase;
			buildActionMask = 2147483647;
			files = (
				526FD0CD28F49922002DD425 /* ARAppointmentUITests.swift in Sources */,
				526FD0CF28F49922002DD425 /* ARAppointmentUITestsLaunchTests.swift in Sources */,
			);
			runOnlyForDeploymentPostprocessing = 0;
		};
/* End PBXSourcesBuildPhase section */

/* Begin PBXTargetDependency section */
		526FD0C028F49922002DD425 /* PBXTargetDependency */ = {
			isa = PBXTargetDependency;
			target = 526FD0AB28F49921002DD425 /* ARAppointment */;
			targetProxy = 526FD0BF28F49922002DD425 /* PBXContainerItemProxy */;
		};
		526FD0CA28F49922002DD425 /* PBXTargetDependency */ = {
			isa = PBXTargetDependency;
			target = 526FD0AB28F49921002DD425 /* ARAppointment */;
			targetProxy = 526FD0C928F49922002DD425 /* PBXContainerItemProxy */;
		};
/* End PBXTargetDependency section */

/* Begin XCBuildConfiguration section */
		526FD0D028F49922002DD425 /* Debug */ = {
			isa = XCBuildConfiguration;
			buildSettings = {
				ALWAYS_SEARCH_USER_PATHS = NO;
				CLANG_ANALYZER_NONNULL = YES;
				CLANG_ANALYZER_NUMBER_OBJECT_CONVERSION = YES_AGGRESSIVE;
				CLANG_CXX_LANGUAGE_STANDARD = "gnu++20";
				CLANG_ENABLE_MODULES = YES;
				CLANG_ENABLE_OBJC_ARC = YES;
				CLANG_ENABLE_OBJC_WEAK = YES;
				CLANG_WARN_BLOCK_CAPTURE_AUTORELEASING = YES;
				CLANG_WARN_BOOL_CONVERSION = YES;
				CLANG_WARN_COMMA = YES;
				CLANG_WARN_CONSTANT_CONVERSION = YES;
				CLANG_WARN_DEPRECATED_OBJC_IMPLEMENTATIONS = YES;
				CLANG_WARN_DIRECT_OBJC_ISA_USAGE = YES_ERROR;
				CLANG_WARN_DOCUMENTATION_COMMENTS = YES;
				CLANG_WARN_EMPTY_BODY = YES;
				CLANG_WARN_ENUM_CONVERSION = YES;
				CLANG_WARN_INFINITE_RECURSION = YES;
				CLANG_WARN_INT_CONVERSION = YES;
				CLANG_WARN_NON_LITERAL_NULL_CONVERSION = YES;
				CLANG_WARN_OBJC_IMPLICIT_RETAIN_SELF = YES;
				CLANG_WARN_OBJC_LITERAL_CONVERSION = YES;
				CLANG_WARN_OBJC_ROOT_CLASS = YES_ERROR;
				CLANG_WARN_QUOTED_INCLUDE_IN_FRAMEWORK_HEADER = YES;
				CLANG_WARN_RANGE_LOOP_ANALYSIS = YES;
				CLANG_WARN_STRICT_PROTOTYPES = YES;
				CLANG_WARN_SUSPICIOUS_MOVE = YES;
				CLANG_WARN_UNGUARDED_AVAILABILITY = YES_AGGRESSIVE;
				CLANG_WARN_UNREACHABLE_CODE = YES;
				CLANG_WARN__DUPLICATE_METHOD_MATCH = YES;
				COPY_PHASE_STRIP = NO;
				DEBUG_INFORMATION_FORMAT = dwarf;
				ENABLE_STRICT_OBJC_MSGSEND = YES;
				ENABLE_TESTABILITY = YES;
				GCC_C_LANGUAGE_STANDARD = gnu11;
				GCC_DYNAMIC_NO_PIC = NO;
				GCC_NO_COMMON_BLOCKS = YES;
				GCC_OPTIMIZATION_LEVEL = 0;
				GCC_PREPROCESSOR_DEFINITIONS = (
					"DEBUG=1",
					"$(inherited)",
				);
				GCC_WARN_64_TO_32_BIT_CONVERSION = YES;
				GCC_WARN_ABOUT_RETURN_TYPE = YES_ERROR;
				GCC_WARN_UNDECLARED_SELECTOR = YES;
				GCC_WARN_UNINITIALIZED_AUTOS = YES_AGGRESSIVE;
				GCC_WARN_UNUSED_FUNCTION = YES;
				GCC_WARN_UNUSED_VARIABLE = YES;
				IPHONEOS_DEPLOYMENT_TARGET = 16.0;
				MTL_ENABLE_DEBUG_INFO = INCLUDE_SOURCE;
				MTL_FAST_MATH = YES;
				ONLY_ACTIVE_ARCH = YES;
				SDKROOT = iphoneos;
				SWIFT_ACTIVE_COMPILATION_CONDITIONS = DEBUG;
				SWIFT_OPTIMIZATION_LEVEL = "-Onone";
			};
			name = Debug;
		};
		526FD0D128F49922002DD425 /* Release */ = {
			isa = XCBuildConfiguration;
			buildSettings = {
				ALWAYS_SEARCH_USER_PATHS = NO;
				CLANG_ANALYZER_NONNULL = YES;
				CLANG_ANALYZER_NUMBER_OBJECT_CONVERSION = YES_AGGRESSIVE;
				CLANG_CXX_LANGUAGE_STANDARD = "gnu++20";
				CLANG_ENABLE_MODULES = YES;
				CLANG_ENABLE_OBJC_ARC = YES;
				CLANG_ENABLE_OBJC_WEAK = YES;
				CLANG_WARN_BLOCK_CAPTURE_AUTORELEASING = YES;
				CLANG_WARN_BOOL_CONVERSION = YES;
				CLANG_WARN_COMMA = YES;
				CLANG_WARN_CONSTANT_CONVERSION = YES;
				CLANG_WARN_DEPRECATED_OBJC_IMPLEMENTATIONS = YES;
				CLANG_WARN_DIRECT_OBJC_ISA_USAGE = YES_ERROR;
				CLANG_WARN_DOCUMENTATION_COMMENTS = YES;
				CLANG_WARN_EMPTY_BODY = YES;
				CLANG_WARN_ENUM_CONVERSION = YES;
				CLANG_WARN_INFINITE_RECURSION = YES;
				CLANG_WARN_INT_CONVERSION = YES;
				CLANG_WARN_NON_LITERAL_NULL_CONVERSION = YES;
				CLANG_WARN_OBJC_IMPLICIT_RETAIN_SELF = YES;
				CLANG_WARN_OBJC_LITERAL_CONVERSION = YES;
				CLANG_WARN_OBJC_ROOT_CLASS = YES_ERROR;
				CLANG_WARN_QUOTED_INCLUDE_IN_FRAMEWORK_HEADER = YES;
				CLANG_WARN_RANGE_LOOP_ANALYSIS = YES;
				CLANG_WARN_STRICT_PROTOTYPES = YES;
				CLANG_WARN_SUSPICIOUS_MOVE = YES;
				CLANG_WARN_UNGUARDED_AVAILABILITY = YES_AGGRESSIVE;
				CLANG_WARN_UNREACHABLE_CODE = YES;
				CLANG_WARN__DUPLICATE_METHOD_MATCH = YES;
				COPY_PHASE_STRIP = NO;
				DEBUG_INFORMATION_FORMAT = "dwarf-with-dsym";
				ENABLE_NS_ASSERTIONS = NO;
				ENABLE_STRICT_OBJC_MSGSEND = YES;
				GCC_C_LANGUAGE_STANDARD = gnu11;
				GCC_NO_COMMON_BLOCKS = YES;
				GCC_WARN_64_TO_32_BIT_CONVERSION = YES;
				GCC_WARN_ABOUT_RETURN_TYPE = YES_ERROR;
				GCC_WARN_UNDECLARED_SELECTOR = YES;
				GCC_WARN_UNINITIALIZED_AUTOS = YES_AGGRESSIVE;
				GCC_WARN_UNUSED_FUNCTION = YES;
				GCC_WARN_UNUSED_VARIABLE = YES;
				IPHONEOS_DEPLOYMENT_TARGET = 16.0;
				MTL_ENABLE_DEBUG_INFO = NO;
				MTL_FAST_MATH = YES;
				SDKROOT = iphoneos;
				SWIFT_COMPILATION_MODE = wholemodule;
				SWIFT_OPTIMIZATION_LEVEL = "-O";
				VALIDATE_PRODUCT = YES;
			};
			name = Release;
		};
		526FD0D328F49922002DD425 /* Debug */ = {
			isa = XCBuildConfiguration;
			baseConfigurationReference = C981B6215D3CF0052A91101F /* Pods-ARAppointment.debug.xcconfig */;
			buildSettings = {
				ASSETCATALOG_COMPILER_APPICON_NAME = AppIcon;
				ASSETCATALOG_COMPILER_GLOBAL_ACCENT_COLOR_NAME = AccentColor;
				CODE_SIGN_STYLE = Automatic;
				CURRENT_PROJECT_VERSION = 1;
				DEVELOPMENT_ASSET_PATHS = "\"ARAppointment/Preview Content\"";
				DEVELOPMENT_TEAM = RY885R3WJ4;
				ENABLE_PREVIEWS = YES;
				GENERATE_INFOPLIST_FILE = YES;
				INFOPLIST_KEY_NSCameraUsageDescription = "";
				INFOPLIST_KEY_NSLocationWhenInUseUsageDescription = "Location permission is needed for geospatial localization.";
				INFOPLIST_KEY_UIApplicationSupportsIndirectInputEvents = YES;
				INFOPLIST_KEY_UILaunchScreen_Generation = YES;
				INFOPLIST_KEY_UIRequiredDeviceCapabilities = arkit;
				INFOPLIST_KEY_UIStatusBarHidden = YES;
				INFOPLIST_KEY_UISupportedInterfaceOrientations_iPad = "UIInterfaceOrientationPortrait UIInterfaceOrientationPortraitUpsideDown UIInterfaceOrientationLandscapeLeft UIInterfaceOrientationLandscapeRight";
				INFOPLIST_KEY_UISupportedInterfaceOrientations_iPhone = "UIInterfaceOrientationPortrait UIInterfaceOrientationLandscapeLeft UIInterfaceOrientationLandscapeRight";
				LD_RUNPATH_SEARCH_PATHS = (
					"$(inherited)",
					"@executable_path/Frameworks",
				);
				MARKETING_VERSION = 1.0;
				PRODUCT_BUNDLE_IDENTIFIER = com.burisowa.ARAppointment;
				PRODUCT_NAME = "$(TARGET_NAME)";
				SWIFT_EMIT_LOC_STRINGS = YES;
				SWIFT_VERSION = 5.0;
				TARGETED_DEVICE_FAMILY = "1,2";
			};
			name = Debug;
		};
		526FD0D428F49922002DD425 /* Release */ = {
			isa = XCBuildConfiguration;
			baseConfigurationReference = EB6C025932BB18CF9BFA8D4B /* Pods-ARAppointment.release.xcconfig */;
			buildSettings = {
				ASSETCATALOG_COMPILER_APPICON_NAME = AppIcon;
				ASSETCATALOG_COMPILER_GLOBAL_ACCENT_COLOR_NAME = AccentColor;
				CODE_SIGN_STYLE = Automatic;
				CURRENT_PROJECT_VERSION = 1;
				DEVELOPMENT_ASSET_PATHS = "\"ARAppointment/Preview Content\"";
				DEVELOPMENT_TEAM = RY885R3WJ4;
				ENABLE_PREVIEWS = YES;
				GENERATE_INFOPLIST_FILE = YES;
				INFOPLIST_KEY_NSCameraUsageDescription = "";
				INFOPLIST_KEY_NSLocationWhenInUseUsageDescription = "Location permission is needed for geospatial localization.";
				INFOPLIST_KEY_UIApplicationSupportsIndirectInputEvents = YES;
				INFOPLIST_KEY_UILaunchScreen_Generation = YES;
				INFOPLIST_KEY_UIRequiredDeviceCapabilities = arkit;
				INFOPLIST_KEY_UIStatusBarHidden = YES;
				INFOPLIST_KEY_UISupportedInterfaceOrientations_iPad = "UIInterfaceOrientationPortrait UIInterfaceOrientationPortraitUpsideDown UIInterfaceOrientationLandscapeLeft UIInterfaceOrientationLandscapeRight";
				INFOPLIST_KEY_UISupportedInterfaceOrientations_iPhone = "UIInterfaceOrientationPortrait UIInterfaceOrientationLandscapeLeft UIInterfaceOrientationLandscapeRight";
				LD_RUNPATH_SEARCH_PATHS = (
					"$(inherited)",
					"@executable_path/Frameworks",
				);
				MARKETING_VERSION = 1.0;
				PRODUCT_BUNDLE_IDENTIFIER = com.burisowa.ARAppointment;
				PRODUCT_NAME = "$(TARGET_NAME)";
				SWIFT_EMIT_LOC_STRINGS = YES;
				SWIFT_VERSION = 5.0;
				TARGETED_DEVICE_FAMILY = "1,2";
			};
			name = Release;
		};
		526FD0D628F49922002DD425 /* Debug */ = {
			isa = XCBuildConfiguration;
			baseConfigurationReference = 4EE6CEF8C2105F8ACE507491 /* Pods-ARAppointmentTests.debug.xcconfig */;
			buildSettings = {
				ALWAYS_EMBED_SWIFT_STANDARD_LIBRARIES = YES;
				BUNDLE_LOADER = "$(TEST_HOST)";
				CODE_SIGN_STYLE = Automatic;
				CURRENT_PROJECT_VERSION = 1;
				DEVELOPMENT_TEAM = RY885R3WJ4;
				GENERATE_INFOPLIST_FILE = YES;
				IPHONEOS_DEPLOYMENT_TARGET = 16.0;
				MARKETING_VERSION = 1.0;
				PRODUCT_BUNDLE_IDENTIFIER = com.burisowa.ARAppointmentTests;
				PRODUCT_NAME = "$(TARGET_NAME)";
				SWIFT_EMIT_LOC_STRINGS = NO;
				SWIFT_VERSION = 5.0;
				TARGETED_DEVICE_FAMILY = "1,2";
				TEST_HOST = "$(BUILT_PRODUCTS_DIR)/ARAppointment.app/$(BUNDLE_EXECUTABLE_FOLDER_PATH)/ARAppointment";
			};
			name = Debug;
		};
		526FD0D728F49922002DD425 /* Release */ = {
			isa = XCBuildConfiguration;
			baseConfigurationReference = 85DAB918089F6681275F6A9E /* Pods-ARAppointmentTests.release.xcconfig */;
			buildSettings = {
				ALWAYS_EMBED_SWIFT_STANDARD_LIBRARIES = YES;
				BUNDLE_LOADER = "$(TEST_HOST)";
				CODE_SIGN_STYLE = Automatic;
				CURRENT_PROJECT_VERSION = 1;
				DEVELOPMENT_TEAM = RY885R3WJ4;
				GENERATE_INFOPLIST_FILE = YES;
				IPHONEOS_DEPLOYMENT_TARGET = 16.0;
				MARKETING_VERSION = 1.0;
				PRODUCT_BUNDLE_IDENTIFIER = com.burisowa.ARAppointmentTests;
				PRODUCT_NAME = "$(TARGET_NAME)";
				SWIFT_EMIT_LOC_STRINGS = NO;
				SWIFT_VERSION = 5.0;
				TARGETED_DEVICE_FAMILY = "1,2";
				TEST_HOST = "$(BUILT_PRODUCTS_DIR)/ARAppointment.app/$(BUNDLE_EXECUTABLE_FOLDER_PATH)/ARAppointment";
			};
			name = Release;
		};
		526FD0D928F49922002DD425 /* Debug */ = {
			isa = XCBuildConfiguration;
			baseConfigurationReference = A4992179F4436A0DD2DE9C2A /* Pods-ARAppointment-ARAppointmentUITests.debug.xcconfig */;
			buildSettings = {
				ALWAYS_EMBED_SWIFT_STANDARD_LIBRARIES = YES;
				CODE_SIGN_STYLE = Automatic;
				CURRENT_PROJECT_VERSION = 1;
				DEVELOPMENT_TEAM = RY885R3WJ4;
				GENERATE_INFOPLIST_FILE = YES;
				MARKETING_VERSION = 1.0;
				PRODUCT_BUNDLE_IDENTIFIER = com.burisowa.ARAppointmentUITests;
				PRODUCT_NAME = "$(TARGET_NAME)";
				SWIFT_EMIT_LOC_STRINGS = NO;
				SWIFT_VERSION = 5.0;
				TARGETED_DEVICE_FAMILY = "1,2";
				TEST_TARGET_NAME = ARAppointment;
			};
			name = Debug;
		};
		526FD0DA28F49922002DD425 /* Release */ = {
			isa = XCBuildConfiguration;
			baseConfigurationReference = E764CE06D42F305E96C60045 /* Pods-ARAppointment-ARAppointmentUITests.release.xcconfig */;
			buildSettings = {
				ALWAYS_EMBED_SWIFT_STANDARD_LIBRARIES = YES;
				CODE_SIGN_STYLE = Automatic;
				CURRENT_PROJECT_VERSION = 1;
				DEVELOPMENT_TEAM = RY885R3WJ4;
				GENERATE_INFOPLIST_FILE = YES;
				MARKETING_VERSION = 1.0;
				PRODUCT_BUNDLE_IDENTIFIER = com.burisowa.ARAppointmentUITests;
				PRODUCT_NAME = "$(TARGET_NAME)";
				SWIFT_EMIT_LOC_STRINGS = NO;
				SWIFT_VERSION = 5.0;
				TARGETED_DEVICE_FAMILY = "1,2";
				TEST_TARGET_NAME = ARAppointment;
			};
			name = Release;
		};
/* End XCBuildConfiguration section */

/* Begin XCConfigurationList section */
		526FD0A728F49921002DD425 /* Build configuration list for PBXProject "ARAppointment" */ = {
			isa = XCConfigurationList;
			buildConfigurations = (
				526FD0D028F49922002DD425 /* Debug */,
				526FD0D128F49922002DD425 /* Release */,
			);
			defaultConfigurationIsVisible = 0;
			defaultConfigurationName = Release;
		};
		526FD0D228F49922002DD425 /* Build configuration list for PBXNativeTarget "ARAppointment" */ = {
			isa = XCConfigurationList;
			buildConfigurations = (
				526FD0D328F49922002DD425 /* Debug */,
				526FD0D428F49922002DD425 /* Release */,
			);
			defaultConfigurationIsVisible = 0;
			defaultConfigurationName = Release;
		};
		526FD0D528F49922002DD425 /* Build configuration list for PBXNativeTarget "ARAppointmentTests" */ = {
			isa = XCConfigurationList;
			buildConfigurations = (
				526FD0D628F49922002DD425 /* Debug */,
				526FD0D728F49922002DD425 /* Release */,
			);
			defaultConfigurationIsVisible = 0;
			defaultConfigurationName = Release;
		};
		526FD0D828F49922002DD425 /* Build configuration list for PBXNativeTarget "ARAppointmentUITests" */ = {
			isa = XCConfigurationList;
			buildConfigurations = (
				526FD0D928F49922002DD425 /* Debug */,
				526FD0DA28F49922002DD425 /* Release */,
			);
			defaultConfigurationIsVisible = 0;
			defaultConfigurationName = Release;
		};
/* End XCConfigurationList section */
	};
	rootObject = 526FD0A428F49921002DD425 /* Project object */;
}
